
Microsoft Visual Studio Solution File, Format Version 12.00
# Visual Studio Version 17
VisualStudioVersion = 17.0.31903.59
MinimumVisualStudioVersion = 10.0.40219.1
Project("{6FCFDACB-A22B-46B6-A062-B1029E10898E}") = "OpenChat.AppHost", "OpenChat.AppHost\OpenChat.AppHost.csproj", "{EAE179AD-7923-4C9A-BC8D-4A2EDDDEF68F}"
EndProject
Project("{6FCFDACB-A22B-46B6-A062-B1029E10898E}") = "OpenChat.ServiceDefaults", "OpenChat.ServiceDefaults\OpenChat.ServiceDefaults.csproj", "{36C14306-3852-44EA-A317-CD024A22DFA0}"
EndProject
Project("{6FCFDACB-A22B-46B6-A062-B1029E10898E}") = "OpenChat.Web", "OpenChat.Web\OpenChat.Web.csproj", "{98F4A530-8B95-455B-B0D5-A9CD1900C873}"
EndProject
Global
	GlobalSection(SolutionConfigurationPlatforms) = preSolution
		Debug|Any CPU = Debug|Any CPU
		Release|Any CPU = Release|Any CPU
	EndGlobalSection
	GlobalSection(SolutionProperties) = preSolution
		HideSolutionNode = FALSE
	EndGlobalSection
	GlobalSection(ProjectConfigurationPlatforms) = postSolution
		{EAE179AD-7923-4C9A-BC8D-4A2EDDDEF68F}.Debug|Any CPU.ActiveCfg = Debug|Any CPU
		{EAE179AD-7923-4C9A-BC8D-4A2EDDDEF68F}.Debug|Any CPU.Build.0 = Debug|Any CPU
		{EAE179AD-7923-4C9A-BC8D-4A2EDDDEF68F}.Release|Any CPU.ActiveCfg = Release|Any CPU
		{EAE179AD-7923-4C9A-BC8D-4A2EDDDEF68F}.Release|Any CPU.Build.0 = Release|Any CPU
		{36C14306-3852-44EA-A317-CD024A22DFA0}.Debug|Any CPU.ActiveCfg = Debug|Any CPU
		{36C14306-3852-44EA-A317-CD024A22DFA0}.Debug|Any CPU.Build.0 = Debug|Any CPU
		{36C14306-3852-44EA-A317-CD024A22DFA0}.Release|Any CPU.ActiveCfg = Release|Any CPU
		{36C14306-3852-44EA-A317-CD024A22DFA0}.Release|Any CPU.Build.0 = Release|Any CPU
		{98F4A530-8B95-455B-B0D5-A9CD1900C873}.Debug|Any CPU.ActiveCfg = Debug|Any CPU
		{98F4A530-8B95-455B-B0D5-A9CD1900C873}.Debug|Any CPU.Build.0 = Debug|Any CPU
		{98F4A530-8B95-455B-B0D5-A9CD1900C873}.Release|Any CPU.ActiveCfg = Release|Any CPU
		{98F4A530-8B95-455B-B0D5-A9CD1900C873}.Release|Any CPU.Build.0 = Release|Any CPU
	EndGlobalSection
EndGlobal
