
Microsoft Visual Studio Solution File, Format Version 12.00
# Visual Studio Version 17
VisualStudioVersion = 17.0.31903.59
MinimumVisualStudioVersion = 10.0.40219.1
Project("{B993FDD7-54B8-48BF-A701-17F4B7B0BE70}") = "OpenChat.AppHost", "OpenChat.AppHost\OpenChat.AppHost.csproj", "{6208A208-A82D-4679-BB0F-88A5DF20F20F}"
EndProject
Project("{B993FDD7-54B8-48BF-A701-17F4B7B0BE70}") = "OpenChat.ServiceDefaults", "OpenChat.ServiceDefaults\OpenChat.ServiceDefaults.csproj", "{7A15AE63-C8F6-4380-BFEE-29458B6BB3AE}"
EndProject
Project("{B993FDD7-54B8-48BF-A701-17F4B7B0BE70}") = "OpenChat.Web", "OpenChat.Web\OpenChat.Web.csproj", "{5CA87B87-99F6-44A5-8A65-E47EE61FA5AF}"
EndProject
Global
	GlobalSection(SolutionConfigurationPlatforms) = preSolution
		Debug|Any CPU = Debug|Any CPU
		Release|Any CPU = Release|Any CPU
	EndGlobalSection
	GlobalSection(SolutionProperties) = preSolution
		HideSolutionNode = FALSE
	EndGlobalSection
	GlobalSection(ProjectConfigurationPlatforms) = postSolution
		{6208A208-A82D-4679-BB0F-88A5DF20F20F}.Debug|Any CPU.ActiveCfg = Debug|Any CPU
		{6208A208-A82D-4679-BB0F-88A5DF20F20F}.Debug|Any CPU.Build.0 = Debug|Any CPU
		{6208A208-A82D-4679-BB0F-88A5DF20F20F}.Release|Any CPU.ActiveCfg = Release|Any CPU
		{6208A208-A82D-4679-BB0F-88A5DF20F20F}.Release|Any CPU.Build.0 = Release|Any CPU
		{7A15AE63-C8F6-4380-BFEE-29458B6BB3AE}.Debug|Any CPU.ActiveCfg = Debug|Any CPU
		{7A15AE63-C8F6-4380-BFEE-29458B6BB3AE}.Debug|Any CPU.Build.0 = Debug|Any CPU
		{7A15AE63-C8F6-4380-BFEE-29458B6BB3AE}.Release|Any CPU.ActiveCfg = Release|Any CPU
		{7A15AE63-C8F6-4380-BFEE-29458B6BB3AE}.Release|Any CPU.Build.0 = Release|Any CPU
		{5CA87B87-99F6-44A5-8A65-E47EE61FA5AF}.Debug|Any CPU.ActiveCfg = Debug|Any CPU
		{5CA87B87-99F6-44A5-8A65-E47EE61FA5AF}.Debug|Any CPU.Build.0 = Debug|Any CPU
		{5CA87B87-99F6-44A5-8A65-E47EE61FA5AF}.Release|Any CPU.ActiveCfg = Release|Any CPU
		{5CA87B87-99F6-44A5-8A65-E47EE61FA5AF}.Release|Any CPU.Build.0 = Release|Any CPU
	EndGlobalSection
EndGlobal
